// !$*UTF8*$!
{
	archiveVersion = 1;
	classes = {
	};
	objectVersion = 50;
	objects = {

/* Begin PBXBuildFile section */
		F03E54EA2520E0B700D2EB56 /* AppDelegate.swift in Sources */ = {isa = PBXBuildFile; fileRef = F03E54E92520E0B700D2EB56 /* AppDelegate.swift */; };
		F03E54EC2520E0B700D2EB56 /* SceneDelegate.swift in Sources */ = {isa = PBXBuildFile; fileRef = F03E54EB2520E0B700D2EB56 /* SceneDelegate.swift */; };
		F03E54EE2520E0B700D2EB56 /* ViewController.swift in Sources */ = {isa = PBXBuildFile; fileRef = F03E54ED2520E0B700D2EB56 /* ViewController.swift */; };
		F03E54F32520E0B800D2EB56 /* Assets.xcassets in Resources */ = {isa = PBXBuildFile; fileRef = F03E54F22520E0B800D2EB56 /* Assets.xcassets */; };
		F03E54F62520E0B800D2EB56 /* LaunchScreen.storyboard in Resources */ = {isa = PBXBuildFile; fileRef = F03E54F42520E0B800D2EB56 /* LaunchScreen.storyboard */; };
		F03E54FF2520FA1100D2EB56 /* SlidingViewController.swift in Sources */ = {isa = PBXBuildFile; fileRef = F03E54FE2520FA1100D2EB56 /* SlidingViewController.swift */; };
		F03E550125210F5D00D2EB56 /* SVCPanGestureConfiguration.swift in Sources */ = {isa = PBXBuildFile; fileRef = F03E550025210F5D00D2EB56 /* SVCPanGestureConfiguration.swift */; };
		F03E55032521252000D2EB56 /* SVCState.swift in Sources */ = {isa = PBXBuildFile; fileRef = F03E55022521252000D2EB56 /* SVCState.swift */; };
		F03E550525212CC800D2EB56 /* UIPanGestureRecognizerExt.swift in Sources */ = {isa = PBXBuildFile; fileRef = F03E550425212CC800D2EB56 /* UIPanGestureRecognizerExt.swift */; };
		F03E5507252139E900D2EB56 /* MySliderViewController.swift in Sources */ = {isa = PBXBuildFile; fileRef = F03E5506252139E900D2EB56 /* MySliderViewController.swift */; };
/* End PBXBuildFile section */

/* Begin PBXFileReference section */
		F03E54E62520E0B700D2EB56 /* ActionCard.app */ = {isa = PBXFileReference; explicitFileType = wrapper.application; includeInIndex = 0; path = ActionCard.app; sourceTree = BUILT_PRODUCTS_DIR; };
		F03E54E92520E0B700D2EB56 /* AppDelegate.swift */ = {isa = PBXFileReference; lastKnownFileType = sourcecode.swift; path = AppDelegate.swift; sourceTree = "<group>"; };
		F03E54EB2520E0B700D2EB56 /* SceneDelegate.swift */ = {isa = PBXFileReference; lastKnownFileType = sourcecode.swift; path = SceneDelegate.swift; sourceTree = "<group>"; };
		F03E54ED2520E0B700D2EB56 /* ViewController.swift */ = {isa = PBXFileReference; lastKnownFileType = sourcecode.swift; path = ViewController.swift; sourceTree = "<group>"; };
		F03E54F22520E0B800D2EB56 /* Assets.xcassets */ = {isa = PBXFileReference; lastKnownFileType = folder.assetcatalog; path = Assets.xcassets; sourceTree = "<group>"; };
		F03E54F52520E0B800D2EB56 /* Base */ = {isa = PBXFileReference; lastKnownFileType = file.storyboard; name = Base; path = Base.lproj/LaunchScreen.storyboard; sourceTree = "<group>"; };
		F03E54F72520E0B800D2EB56 /* Info.plist */ = {isa = PBXFileReference; lastKnownFileType = text.plist.xml; path = Info.plist; sourceTree = "<group>"; };
		F03E54FE2520FA1100D2EB56 /* SlidingViewController.swift */ = {isa = PBXFileReference; lastKnownFileType = sourcecode.swift; path = SlidingViewController.swift; sourceTree = "<group>"; };
		F03E550025210F5D00D2EB56 /* SVCPanGestureConfiguration.swift */ = {isa = PBXFileReference; lastKnownFileType = sourcecode.swift; path = SVCPanGestureConfiguration.swift; sourceTree = "<group>"; };
		F03E55022521252000D2EB56 /* SVCState.swift */ = {isa = PBXFileReference; lastKnownFileType = sourcecode.swift; path = SVCState.swift; sourceTree = "<group>"; };
		F03E550425212CC800D2EB56 /* UIPanGestureRecognizerExt.swift */ = {isa = PBXFileReference; lastKnownFileType = sourcecode.swift; path = UIPanGestureRecognizerExt.swift; sourceTree = "<group>"; };
		F03E5506252139E900D2EB56 /* MySliderViewController.swift */ = {isa = PBXFileReference; lastKnownFileType = sourcecode.swift; path = MySliderViewController.swift; sourceTree = "<group>"; };
/* End PBXFileReference section */

/* Begin PBXFrameworksBuildPhase section */
		F03E54E32520E0B700D2EB56 /* Frameworks */ = {
			isa = PBXFrameworksBuildPhase;
			buildActionMask = 2147483647;
			files = (
			);
			runOnlyForDeploymentPostprocessing = 0;
		};
/* End PBXFrameworksBuildPhase section */

/* Begin PBXGroup section */
		F03E54DD2520E0B700D2EB56 = {
			isa = PBXGroup;
			children = (
				F03E54E82520E0B700D2EB56 /* ActionCard */,
				F03E54E72520E0B700D2EB56 /* Products */,
			);
			sourceTree = "<group>";
		};
		F03E54E72520E0B700D2EB56 /* Products */ = {
			isa = PBXGroup;
			children = (
				F03E54E62520E0B700D2EB56 /* ActionCard.app */,
			);
			name = Products;
			sourceTree = "<group>";
		};
		F03E54E82520E0B700D2EB56 /* ActionCard */ = {
			isa = PBXGroup;
			children = (
				F03E54FD2520E37000D2EB56 /* Common */,
				F03E54E92520E0B700D2EB56 /* AppDelegate.swift */,
				F03E54EB2520E0B700D2EB56 /* SceneDelegate.swift */,
				F03E54ED2520E0B700D2EB56 /* ViewController.swift */,
				F03E54F22520E0B800D2EB56 /* Assets.xcassets */,
				F03E54F42520E0B800D2EB56 /* LaunchScreen.storyboard */,
				F03E54F72520E0B800D2EB56 /* Info.plist */,
				F03E5506252139E900D2EB56 /* MySliderViewController.swift */,
			);
			path = ActionCard;
			sourceTree = "<group>";
		};
		F03E54FD2520E37000D2EB56 /* Common */ = {
			isa = PBXGroup;
			children = (
				F03E54FE2520FA1100D2EB56 /* SlidingViewController.swift */,
				F03E550025210F5D00D2EB56 /* SVCPanGestureConfiguration.swift */,
				F03E55022521252000D2EB56 /* SVCState.swift */,
				F03E550425212CC800D2EB56 /* UIPanGestureRecognizerExt.swift */,
			);
			path = Common;
			sourceTree = "<group>";
		};
/* End PBXGroup section */

/* Begin PBXNativeTarget section */
		F03E54E52520E0B700D2EB56 /* ActionCard */ = {
			isa = PBXNativeTarget;
			buildConfigurationList = F03E54FA2520E0B800D2EB56 /* Build configuration list for PBXNativeTarget "ActionCard" */;
			buildPhases = (
				F03E54E22520E0B700D2EB56 /* Sources */,
				F03E54E32520E0B700D2EB56 /* Frameworks */,
				F03E54E42520E0B700D2EB56 /* Resources */,
			);
			buildRules = (
			);
			dependencies = (
			);
			name = ActionCard;
			productName = ActionCard;
			productReference = F03E54E62520E0B700D2EB56 /* ActionCard.app */;
			productType = "com.apple.product-type.application";
		};
/* End PBXNativeTarget section */

/* Begin PBXProject section */
		F03E54DE2520E0B700D2EB56 /* Project object */ = {
			isa = PBXProject;
			attributes = {
				LastSwiftUpdateCheck = 1170;
				LastUpgradeCheck = 1170;
				ORGANIZATIONNAME = "Hugo Flores Perez";
				TargetAttributes = {
					F03E54E52520E0B700D2EB56 = {
						CreatedOnToolsVersion = 11.7;
					};
				};
			};
			buildConfigurationList = F03E54E12520E0B700D2EB56 /* Build configuration list for PBXProject "ActionCard" */;
			compatibilityVersion = "Xcode 9.3";
			developmentRegion = en;
			hasScannedForEncodings = 0;
			knownRegions = (
				en,
				Base,
			);
			mainGroup = F03E54DD2520E0B700D2EB56;
			productRefGroup = F03E54E72520E0B700D2EB56 /* Products */;
			projectDirPath = "";
			projectRoot = "";
			targets = (
				F03E54E52520E0B700D2EB56 /* ActionCard */,
			);
		};
/* End PBXProject section */

/* Begin PBXResourcesBuildPhase section */
		F03E54E42520E0B700D2EB56 /* Resources */ = {
			isa = PBXResourcesBuildPhase;
			buildActionMask = 2147483647;
			files = (
				F03E54F62520E0B800D2EB56 /* LaunchScreen.storyboard in Resources */,
				F03E54F32520E0B800D2EB56 /* Assets.xcassets in Resources */,
			);
			runOnlyForDeploymentPostprocessing = 0;
		};
/* End PBXResourcesBuildPhase section */

/* Begin PBXSourcesBuildPhase section */
		F03E54E22520E0B700D2EB56 /* Sources */ = {
			isa = PBXSourcesBuildPhase;
			buildActionMask = 2147483647;
			files = (
				F03E55032521252000D2EB56 /* SVCState.swift in Sources */,
				F03E54EE2520E0B700D2EB56 /* ViewController.swift in Sources */,
				F03E54EA2520E0B700D2EB56 /* AppDelegate.swift in Sources */,
				F03E550125210F5D00D2EB56 /* SVCPanGestureConfiguration.swift in Sources */,
				F03E550525212CC800D2EB56 /* UIPanGestureRecognizerExt.swift in Sources */,
				F03E54EC2520E0B700D2EB56 /* SceneDelegate.swift in Sources */,
				F03E54FF2520FA1100D2EB56 /* SlidingViewController.swift in Sources */,
				F03E5507252139E900D2EB56 /* MySliderViewController.swift in Sources */,
			);
			runOnlyForDeploymentPostprocessing = 0;
		};
/* End PBXSourcesBuildPhase section */

/* Begin PBXVariantGroup section */
		F03E54F42520E0B800D2EB56 /* LaunchScreen.storyboard */ = {
			isa = PBXVariantGroup;
			children = (
				F03E54F52520E0B800D2EB56 /* Base */,
			);
			name = LaunchScreen.storyboard;
			sourceTree = "<group>";
		};
/* End PBXVariantGroup section */

/* Begin XCBuildConfiguration section */
		F03E54F82520E0B800D2EB56 /* Debug */ = {
			isa = XCBuildConfiguration;
			buildSettings = {
				ALWAYS_SEARCH_USER_PATHS = NO;
				CLANG_ANALYZER_NONNULL = YES;
				CLANG_ANALYZER_NUMBER_OBJECT_CONVERSION = YES_AGGRESSIVE;
				CLANG_CXX_LANGUAGE_STANDARD = "gnu++14";
				CLANG_CXX_LIBRARY = "libc++";
				CLANG_ENABLE_MODULES = YES;
				CLANG_ENABLE_OBJC_ARC = YES;
				CLANG_ENABLE_OBJC_WEAK = YES;
				CLANG_WARN_BLOCK_CAPTURE_AUTORELEASING = YES;
				CLANG_WARN_BOOL_CONVERSION = YES;
				CLANG_WARN_COMMA = YES;
				CLANG_WARN_CONSTANT_CONVERSION = YES;
				CLANG_WARN_DEPRECATED_OBJC_IMPLEMENTATIONS = YES;
				CLANG_WARN_DIRECT_OBJC_ISA_USAGE = YES_ERROR;
				CLANG_WARN_DOCUMENTATION_COMMENTS = YES;
				CLANG_WARN_EMPTY_BODY = YES;
				CLANG_WARN_ENUM_CONVERSION = YES;
				CLANG_WARN_INFINITE_RECURSION = YES;
				CLANG_WARN_INT_CONVERSION = YES;
				CLANG_WARN_NON_LITERAL_NULL_CONVERSION = YES;
				CLANG_WARN_OBJC_IMPLICIT_RETAIN_SELF = YES;
				CLANG_WARN_OBJC_LITERAL_CONVERSION = YES;
				CLANG_WARN_OBJC_ROOT_CLASS = YES_ERROR;
				CLANG_WARN_RANGE_LOOP_ANALYSIS = YES;
				CLANG_WARN_STRICT_PROTOTYPES = YES;
				CLANG_WARN_SUSPICIOUS_MOVE = YES;
				CLANG_WARN_UNGUARDED_AVAILABILITY = YES_AGGRESSIVE;
				CLANG_WARN_UNREACHABLE_CODE = YES;
				CLANG_WARN__DUPLICATE_METHOD_MATCH = YES;
				COPY_PHASE_STRIP = NO;
				DEBUG_INFORMATION_FORMAT = dwarf;
				ENABLE_STRICT_OBJC_MSGSEND = YES;
				ENABLE_TESTABILITY = YES;
				GCC_C_LANGUAGE_STANDARD = gnu11;
				GCC_DYNAMIC_NO_PIC = NO;
				GCC_NO_COMMON_BLOCKS = YES;
				GCC_OPTIMIZATION_LEVEL = 0;
				GCC_PREPROCESSOR_DEFINITIONS = (
					"DEBUG=1",
					"$(inherited)",
				);
				GCC_WARN_64_TO_32_BIT_CONVERSION = YES;
				GCC_WARN_ABOUT_RETURN_TYPE = YES_ERROR;
				GCC_WARN_UNDECLARED_SELECTOR = YES;
				GCC_WARN_UNINITIALIZED_AUTOS = YES_AGGRESSIVE;
				GCC_WARN_UNUSED_FUNCTION = YES;
				GCC_WARN_UNUSED_VARIABLE = YES;
				IPHONEOS_DEPLOYMENT_TARGET = 13.7;
				MTL_ENABLE_DEBUG_INFO = INCLUDE_SOURCE;
				MTL_FAST_MATH = YES;
				ONLY_ACTIVE_ARCH = YES;
				SDKROOT = iphoneos;
				SWIFT_ACTIVE_COMPILATION_CONDITIONS = DEBUG;
				SWIFT_OPTIMIZATION_LEVEL = "-Onone";
			};
			name = Debug;
		};
		F03E54F92520E0B800D2EB56 /* Release */ = {
			isa = XCBuildConfiguration;
			buildSettings = {
				ALWAYS_SEARCH_USER_PATHS = NO;
				CLANG_ANALYZER_NONNULL = YES;
				CLANG_ANALYZER_NUMBER_OBJECT_CONVERSION = YES_AGGRESSIVE;
				CLANG_CXX_LANGUAGE_STANDARD = "gnu++14";
				CLANG_CXX_LIBRARY = "libc++";
				CLANG_ENABLE_MODULES = YES;
				CLANG_ENABLE_OBJC_ARC = YES;
				CLANG_ENABLE_OBJC_WEAK = YES;
				CLANG_WARN_BLOCK_CAPTURE_AUTORELEASING = YES;
				CLANG_WARN_BOOL_CONVERSION = YES;
				CLANG_WARN_COMMA = YES;
				CLANG_WARN_CONSTANT_CONVERSION = YES;
				CLANG_WARN_DEPRECATED_OBJC_IMPLEMENTATIONS = YES;
				CLANG_WARN_DIRECT_OBJC_ISA_USAGE = YES_ERROR;
				CLANG_WARN_DOCUMENTATION_COMMENTS = YES;
				CLANG_WARN_EMPTY_BODY = YES;
				CLANG_WARN_ENUM_CONVERSION = YES;
				CLANG_WARN_INFINITE_RECURSION = YES;
				CLANG_WARN_INT_CONVERSION = YES;
				CLANG_WARN_NON_LITERAL_NULL_CONVERSION = YES;
				CLANG_WARN_OBJC_IMPLICIT_RETAIN_SELF = YES;
				CLANG_WARN_OBJC_LITERAL_CONVERSION = YES;
				CLANG_WARN_OBJC_ROOT_CLASS = YES_ERROR;
				CLANG_WARN_RANGE_LOOP_ANALYSIS = YES;
				CLANG_WARN_STRICT_PROTOTYPES = YES;
				CLANG_WARN_SUSPICIOUS_MOVE = YES;
				CLANG_WARN_UNGUARDED_AVAILABILITY = YES_AGGRESSIVE;
				CLANG_WARN_UNREACHABLE_CODE = YES;
				CLANG_WARN__DUPLICATE_METHOD_MATCH = YES;
				COPY_PHASE_STRIP = NO;
				DEBUG_INFORMATION_FORMAT = "dwarf-with-dsym";
				ENABLE_NS_ASSERTIONS = NO;
				ENABLE_STRICT_OBJC_MSGSEND = YES;
				GCC_C_LANGUAGE_STANDARD = gnu11;
				GCC_NO_COMMON_BLOCKS = YES;
				GCC_WARN_64_TO_32_BIT_CONVERSION = YES;
				GCC_WARN_ABOUT_RETURN_TYPE = YES_ERROR;
				GCC_WARN_UNDECLARED_SELECTOR = YES;
				GCC_WARN_UNINITIALIZED_AUTOS = YES_AGGRESSIVE;
				GCC_WARN_UNUSED_FUNCTION = YES;
				GCC_WARN_UNUSED_VARIABLE = YES;
				IPHONEOS_DEPLOYMENT_TARGET = 13.7;
				MTL_ENABLE_DEBUG_INFO = NO;
				MTL_FAST_MATH = YES;
				SDKROOT = iphoneos;
				SWIFT_COMPILATION_MODE = wholemodule;
				SWIFT_OPTIMIZATION_LEVEL = "-O";
				VALIDATE_PRODUCT = YES;
			};
			name = Release;
		};
		F03E54FB2520E0B800D2EB56 /* Debug */ = {
			isa = XCBuildConfiguration;
			buildSettings = {
				ASSETCATALOG_COMPILER_APPICON_NAME = AppIcon;
				CODE_SIGN_STYLE = Automatic;
				INFOPLIST_FILE = ActionCard/Info.plist;
				LD_RUNPATH_SEARCH_PATHS = (
					"$(inherited)",
					"@executable_path/Frameworks",
				);
				PRODUCT_BUNDLE_IDENTIFIER = com.hfp.ActionCard;
				PRODUCT_NAME = "$(TARGET_NAME)";
				SWIFT_VERSION = 5.0;
				TARGETED_DEVICE_FAMILY = "1,2";
			};
			name = Debug;
		};
		F03E54FC2520E0B800D2EB56 /* Release */ = {
			isa = XCBuildConfiguration;
			buildSettings = {
				ASSETCATALOG_COMPILER_APPICON_NAME = AppIcon;
				CODE_SIGN_STYLE = Automatic;
				INFOPLIST_FILE = ActionCard/Info.plist;
				LD_RUNPATH_SEARCH_PATHS = (
					"$(inherited)",
					"@executable_path/Frameworks",
				);
				PRODUCT_BUNDLE_IDENTIFIER = com.hfp.ActionCard;
				PRODUCT_NAME = "$(TARGET_NAME)";
				SWIFT_VERSION = 5.0;
				TARGETED_DEVICE_FAMILY = "1,2";
			};
			name = Release;
		};
/* End XCBuildConfiguration section */

/* Begin XCConfigurationList section */
		F03E54E12520E0B700D2EB56 /* Build configuration list for PBXProject "ActionCard" */ = {
			isa = XCConfigurationList;
			buildConfigurations = (
				F03E54F82520E0B800D2EB56 /* Debug */,
				F03E54F92520E0B800D2EB56 /* Release */,
			);
			defaultConfigurationIsVisible = 0;
			defaultConfigurationName = Release;
		};
		F03E54FA2520E0B800D2EB56 /* Build configuration list for PBXNativeTarget "ActionCard" */ = {
			isa = XCConfigurationList;
			buildConfigurations = (
				F03E54FB2520E0B800D2EB56 /* Debug */,
				F03E54FC2520E0B800D2EB56 /* Release */,
			);
			defaultConfigurationIsVisible = 0;
			defaultConfigurationName = Release;
		};
/* End XCConfigurationList section */
	};
	rootObject = F03E54DE2520E0B700D2EB56 /* Project object */;
}
